
Microsoft Visual Studio Solution File, Format Version 12.00
# Visual Studio 15
VisualStudioVersion = 15.0.28307.645
MinimumVisualStudioVersion = 10.0.40219.1
Project("{FAE04EC0-301F-11D3-BF4B-00C04F79EFBC}") = "LeetCode", "LeetCode\LeetCode.csproj", "{EAC8ABE2-DBDF-46E2-9417-128219D8723B}"
EndProject
Global
	GlobalSection(SolutionConfigurationPlatforms) = preSolution
		Debug|Any CPU = Debug|Any CPU
		Release|Any CPU = Release|Any CPU
	EndGlobalSection
	GlobalSection(ProjectConfigurationPlatforms) = postSolution
		{EAC8ABE2-DBDF-46E2-9417-128219D8723B}.Debug|Any CPU.ActiveCfg = Debug|Any CPU
		{EAC8ABE2-DBDF-46E2-9417-128219D8723B}.Debug|Any CPU.Build.0 = Debug|Any CPU
		{EAC8ABE2-DBDF-46E2-9417-128219D8723B}.Release|Any CPU.ActiveCfg = Release|Any CPU
		{EAC8ABE2-DBDF-46E2-9417-128219D8723B}.Release|Any CPU.Build.0 = Release|Any CPU
	EndGlobalSection
	GlobalSection(SolutionProperties) = preSolution
		HideSolutionNode = FALSE
	EndGlobalSection
	GlobalSection(ExtensibilityGlobals) = postSolution
		SolutionGuid = {2AAC541A-0E35-4EFB-8738-00E99051AAA7}
	EndGlobalSection
EndGlobal
